
Microsoft Visual Studio Solution File, Format Version 12.00
Project("{FAE04EC0-301F-11D3-BF4B-00C04F79EFBC}") = "PersistentRimWorlds", "PersistentRimWorlds.csproj", "{58FE1008-FE3A-44FC-A71A-4E9315B76A94}"
EndProject
Global
	GlobalSection(SolutionConfigurationPlatforms) = preSolution
		Debug|Any CPU = Debug|Any CPU
		Release|Any CPU = Release|Any CPU
	EndGlobalSection
	GlobalSection(ProjectConfigurationPlatforms) = postSolution
		{58FE1008-FE3A-44FC-A71A-4E9315B76A94}.Debug|Any CPU.ActiveCfg = Debug|Any CPU
		{58FE1008-FE3A-44FC-A71A-4E9315B76A94}.Debug|Any CPU.Build.0 = Debug|Any CPU
		{58FE1008-FE3A-44FC-A71A-4E9315B76A94}.Release|Any CPU.ActiveCfg = Release|Any CPU
		{58FE1008-FE3A-44FC-A71A-4E9315B76A94}.Release|Any CPU.Build.0 = Release|Any CPU
	EndGlobalSection
EndGlobal
